{
  "name": "@vue/runtime-core",
  "version": "1.0.0",
  "lockfileVersion": 3,
  "requires": true,
  "packages": {
    "": {
      "name": "@vue/runtime-core",
      "version": "1.0.0",
      "license": "MIT",
      "dependencies": {
        "@vue/runtime-core": "file:",
        "runtime-core": "file:"
      }
    },
    "node_modules/@vue/runtime-core": {
      "resolved": "",
      "link": true
    },
    "node_modules/runtime-core": {
      "resolved": "",
      "link": true
    }
  }
}
