{
  "name": "@vue/reactivity",
  "version": "1.0.0",
  "lockfileVersion": 3,
  "requires": true,
  "packages": {
    "": {
      "name": "@vue/reactivity",
      "version": "1.0.0",
      "license": "MIT",
      "dependencies": {
        "@vue/reactivity": "file:"
      }
    },
    "node_modules/@vue/reactivity": {
      "resolved": "",
      "link": true
    }
  }
}
